
Microsoft Visual Studio Solution File, Format Version 12.00
# Visual Studio Version 16
VisualStudioVersion = 16.0.29009.5
MinimumVisualStudioVersion = 10.0.40219.1
Project("{9A19103F-16F7-4668-BE54-9A1E7A4F7556}") = "lab9q1", "lab9\lab9q1.csproj", "{42AE67E3-2CD8-47C9-AE62-8370E00B0FAF}"
EndProject
Project("{9A19103F-16F7-4668-BE54-9A1E7A4F7556}") = "lab9q2", "lab9q2\lab9q2.csproj", "{CEF97E7E-CE15-4710-9805-9CFDE4BBEEC1}"
EndProject
Project("{9A19103F-16F7-4668-BE54-9A1E7A4F7556}") = "lab9q3", "lab9q3\lab9q3.csproj", "{0A91C94C-D508-4AF6-8014-33455F1CC637}"
EndProject
Project("{9A19103F-16F7-4668-BE54-9A1E7A4F7556}") = "lab9q4", "lab9q4\lab9q4.csproj", "{05107E17-6A5F-46D5-A5A6-597EE8B07546}"
EndProject
Project("{FAE04EC0-301F-11D3-BF4B-00C04F79EFBC}") = "justTesting", "justTesting\justTesting.csproj", "{A3EAFBB2-BC2A-4034-BE50-D203D92133FF}"
EndProject
Project("{FAE04EC0-301F-11D3-BF4B-00C04F79EFBC}") = "lab9q5", "lab9q5\lab9q5.csproj", "{45D666EC-36F5-4A05-A913-FAB6A8676F3C}"
EndProject
Global
	GlobalSection(SolutionConfigurationPlatforms) = preSolution
		Debug|Any CPU = Debug|Any CPU
		Release|Any CPU = Release|Any CPU
	EndGlobalSection
	GlobalSection(ProjectConfigurationPlatforms) = postSolution
		{42AE67E3-2CD8-47C9-AE62-8370E00B0FAF}.Debug|Any CPU.ActiveCfg = Debug|Any CPU
		{42AE67E3-2CD8-47C9-AE62-8370E00B0FAF}.Debug|Any CPU.Build.0 = Debug|Any CPU
		{42AE67E3-2CD8-47C9-AE62-8370E00B0FAF}.Release|Any CPU.ActiveCfg = Release|Any CPU
		{42AE67E3-2CD8-47C9-AE62-8370E00B0FAF}.Release|Any CPU.Build.0 = Release|Any CPU
		{CEF97E7E-CE15-4710-9805-9CFDE4BBEEC1}.Debug|Any CPU.ActiveCfg = Debug|Any CPU
		{CEF97E7E-CE15-4710-9805-9CFDE4BBEEC1}.Debug|Any CPU.Build.0 = Debug|Any CPU
		{CEF97E7E-CE15-4710-9805-9CFDE4BBEEC1}.Release|Any CPU.ActiveCfg = Release|Any CPU
		{CEF97E7E-CE15-4710-9805-9CFDE4BBEEC1}.Release|Any CPU.Build.0 = Release|Any CPU
		{0A91C94C-D508-4AF6-8014-33455F1CC637}.Debug|Any CPU.ActiveCfg = Debug|Any CPU
		{0A91C94C-D508-4AF6-8014-33455F1CC637}.Debug|Any CPU.Build.0 = Debug|Any CPU
		{0A91C94C-D508-4AF6-8014-33455F1CC637}.Release|Any CPU.ActiveCfg = Release|Any CPU
		{0A91C94C-D508-4AF6-8014-33455F1CC637}.Release|Any CPU.Build.0 = Release|Any CPU
		{05107E17-6A5F-46D5-A5A6-597EE8B07546}.Debug|Any CPU.ActiveCfg = Debug|Any CPU
		{05107E17-6A5F-46D5-A5A6-597EE8B07546}.Debug|Any CPU.Build.0 = Debug|Any CPU
		{05107E17-6A5F-46D5-A5A6-597EE8B07546}.Release|Any CPU.ActiveCfg = Release|Any CPU
		{05107E17-6A5F-46D5-A5A6-597EE8B07546}.Release|Any CPU.Build.0 = Release|Any CPU
		{A3EAFBB2-BC2A-4034-BE50-D203D92133FF}.Debug|Any CPU.ActiveCfg = Debug|Any CPU
		{A3EAFBB2-BC2A-4034-BE50-D203D92133FF}.Debug|Any CPU.Build.0 = Debug|Any CPU
		{A3EAFBB2-BC2A-4034-BE50-D203D92133FF}.Release|Any CPU.ActiveCfg = Release|Any CPU
		{A3EAFBB2-BC2A-4034-BE50-D203D92133FF}.Release|Any CPU.Build.0 = Release|Any CPU
		{45D666EC-36F5-4A05-A913-FAB6A8676F3C}.Debug|Any CPU.ActiveCfg = Debug|Any CPU
		{45D666EC-36F5-4A05-A913-FAB6A8676F3C}.Debug|Any CPU.Build.0 = Debug|Any CPU
		{45D666EC-36F5-4A05-A913-FAB6A8676F3C}.Release|Any CPU.ActiveCfg = Release|Any CPU
		{45D666EC-36F5-4A05-A913-FAB6A8676F3C}.Release|Any CPU.Build.0 = Release|Any CPU
	EndGlobalSection
	GlobalSection(SolutionProperties) = preSolution
		HideSolutionNode = FALSE
	EndGlobalSection
	GlobalSection(ExtensibilityGlobals) = postSolution
		SolutionGuid = {8A30F6F6-29B1-4AAC-A352-19B49962C260}
	EndGlobalSection
EndGlobal
